{
  "name": "p-hub-soft",
  "version": "1.0.0",
  "lockfileVersion": 3,
  "requires": true,
  "packages": {
    "": {
      "name": "p-hub-soft",
      "version": "1.0.0",
      "license": "ISC",
      "dependencies": {
        "cli-spinners": "^2.9.0",
        "lodash": "^4.17.21"
      }
    },
    "node_modules/cli-spinners": {
      "version": "2.9.0",
      "resolved": "https://registry.npmjs.org/cli-spinners/-/cli-spinners-2.9.0.tgz",
      "integrity": "sha512-4/aL9X3Wh0yiMQlE+eeRhWP6vclO3QRtw1JHKIT0FFUs5FjpFmESqtMvYZ0+lbzBw900b95mS0hohy+qn2VK/g==",
      "engines": {
        "node": ">=6"
      },
      "funding": {
        "url": "https://github.com/sponsors/sindresorhus"
      }
    },
    "node_modules/lodash": {
      "version": "4.17.21",
      "resolved": "https://registry.npmjs.org/lodash/-/lodash-4.17.21.tgz",
      "integrity": "sha512-v2kDEe57lecTulaDIuNTPy3Ry4gLGJ6Z1O3vE1krgXZNrsQ+LFTGHVxVjcXPs17LhbZVGedAJv8XZ1tvj5FvSg=="
    }
  }
}
